// !$*UTF8*$!
{
	archiveVersion = 1;
	classes = {
	};
	objectVersion = 46;
	objects = {

/* Begin PBXBuildFile section */
		50E665E81A2023F600211549 /* main.m in Sources */ = {isa = PBXBuildFile; fileRef = 50E665E71A2023F600211549 /* main.m */; };
		50E665EB1A2023F600211549 /* AppDelegate.m in Sources */ = {isa = PBXBuildFile; fileRef = 50E665EA1A2023F600211549 /* AppDelegate.m */; };
		50E665EE1A2023F600211549 /* NewMCMs.xcdatamodeld in Sources */ = {isa = PBXBuildFile; fileRef = 50E665EC1A2023F600211549 /* NewMCMs.xcdatamodeld */; };
		50E665F11A2023F600211549 /* ViewController.m in Sources */ = {isa = PBXBuildFile; fileRef = 50E665F01A2023F600211549 /* ViewController.m */; };
		50E665F41A2023F600211549 /* Main.storyboard in Resources */ = {isa = PBXBuildFile; fileRef = 50E665F21A2023F600211549 /* Main.storyboard */; };
		50E665F61A2023F600211549 /* Images.xcassets in Resources */ = {isa = PBXBuildFile; fileRef = 50E665F51A2023F600211549 /* Images.xcassets */; };
		50E665F91A2023F600211549 /* LaunchScreen.xib in Resources */ = {isa = PBXBuildFile; fileRef = 50E665F71A2023F600211549 /* LaunchScreen.xib */; };
		50E666051A2023F600211549 /* NewMCMsTests.m in Sources */ = {isa = PBXBuildFile; fileRef = 50E666041A2023F600211549 /* NewMCMsTests.m */; };
		50E666101A20243600211549 /* Pokemon.m in Sources */ = {isa = PBXBuildFile; fileRef = 50E6660F1A20243600211549 /* Pokemon.m */; };
/* End PBXBuildFile section */

/* Begin PBXContainerItemProxy section */
		50E665FF1A2023F600211549 /* PBXContainerItemProxy */ = {
			isa = PBXContainerItemProxy;
			containerPortal = 50E665DA1A2023F600211549 /* Project object */;
			proxyType = 1;
			remoteGlobalIDString = 50E665E11A2023F600211549;
			remoteInfo = NewMCMs;
		};
/* End PBXContainerItemProxy section */

/* Begin PBXFileReference section */
		50E665E21A2023F600211549 /* NewMCMs.app */ = {isa = PBXFileReference; explicitFileType = wrapper.application; includeInIndex = 0; path = NewMCMs.app; sourceTree = BUILT_PRODUCTS_DIR; };
		50E665E61A2023F600211549 /* Info.plist */ = {isa = PBXFileReference; lastKnownFileType = text.plist.xml; path = Info.plist; sourceTree = "<group>"; };
		50E665E71A2023F600211549 /* main.m */ = {isa = PBXFileReference; lastKnownFileType = sourcecode.c.objc; path = main.m; sourceTree = "<group>"; };
		50E665E91A2023F600211549 /* AppDelegate.h */ = {isa = PBXFileReference; lastKnownFileType = sourcecode.c.h; path = AppDelegate.h; sourceTree = "<group>"; };
		50E665EA1A2023F600211549 /* AppDelegate.m */ = {isa = PBXFileReference; lastKnownFileType = sourcecode.c.objc; path = AppDelegate.m; sourceTree = "<group>"; };
		50E665ED1A2023F600211549 /* NewMCMs.xcdatamodel */ = {isa = PBXFileReference; lastKnownFileType = wrapper.xcdatamodel; path = NewMCMs.xcdatamodel; sourceTree = "<group>"; };
		50E665EF1A2023F600211549 /* ViewController.h */ = {isa = PBXFileReference; lastKnownFileType = sourcecode.c.h; path = ViewController.h; sourceTree = "<group>"; };
		50E665F01A2023F600211549 /* ViewController.m */ = {isa = PBXFileReference; lastKnownFileType = sourcecode.c.objc; path = ViewController.m; sourceTree = "<group>"; };
		50E665F31A2023F600211549 /* Base */ = {isa = PBXFileReference; lastKnownFileType = file.storyboard; name = Base; path = Base.lproj/Main.storyboard; sourceTree = "<group>"; };
		50E665F51A2023F600211549 /* Images.xcassets */ = {isa = PBXFileReference; lastKnownFileType = folder.assetcatalog; path = Images.xcassets; sourceTree = "<group>"; };
		50E665F81A2023F600211549 /* Base */ = {isa = PBXFileReference; lastKnownFileType = file.xib; name = Base; path = Base.lproj/LaunchScreen.xib; sourceTree = "<group>"; };
		50E665FE1A2023F600211549 /* NewMCMsTests.xctest */ = {isa = PBXFileReference; explicitFileType = wrapper.cfbundle; includeInIndex = 0; path = NewMCMsTests.xctest; sourceTree = BUILT_PRODUCTS_DIR; };
		50E666031A2023F600211549 /* Info.plist */ = {isa = PBXFileReference; lastKnownFileType = text.plist.xml; path = Info.plist; sourceTree = "<group>"; };
		50E666041A2023F600211549 /* NewMCMsTests.m */ = {isa = PBXFileReference; lastKnownFileType = sourcecode.c.objc; path = NewMCMsTests.m; sourceTree = "<group>"; };
		50E6660E1A20243600211549 /* Pokemon.h */ = {isa = PBXFileReference; fileEncoding = 4; lastKnownFileType = sourcecode.c.h; path = Pokemon.h; sourceTree = "<group>"; };
		50E6660F1A20243600211549 /* Pokemon.m */ = {isa = PBXFileReference; fileEncoding = 4; lastKnownFileType = sourcecode.c.objc; path = Pokemon.m; sourceTree = "<group>"; };
/* End PBXFileReference section */

/* Begin PBXFrameworksBuildPhase section */
		50E665DF1A2023F600211549 /* Frameworks */ = {
			isa = PBXFrameworksBuildPhase;
			buildActionMask = 2147483647;
			files = (
			);
			runOnlyForDeploymentPostprocessing = 0;
		};
		50E665FB1A2023F600211549 /* Frameworks */ = {
			isa = PBXFrameworksBuildPhase;
			buildActionMask = 2147483647;
			files = (
			);
			runOnlyForDeploymentPostprocessing = 0;
		};
/* End PBXFrameworksBuildPhase section */

/* Begin PBXGroup section */
		50E665D91A2023F600211549 = {
			isa = PBXGroup;
			children = (
				50E665E41A2023F600211549 /* NewMCMs */,
				50E666011A2023F600211549 /* NewMCMsTests */,
				50E665E31A2023F600211549 /* Products */,
			);
			sourceTree = "<group>";
		};
		50E665E31A2023F600211549 /* Products */ = {
			isa = PBXGroup;
			children = (
				50E665E21A2023F600211549 /* NewMCMs.app */,
				50E665FE1A2023F600211549 /* NewMCMsTests.xctest */,
			);
			name = Products;
			sourceTree = "<group>";
		};
		50E665E41A2023F600211549 /* NewMCMs */ = {
			isa = PBXGroup;
			children = (
				50E665E91A2023F600211549 /* AppDelegate.h */,
				50E665EA1A2023F600211549 /* AppDelegate.m */,
				50E665EF1A2023F600211549 /* ViewController.h */,
				50E665F01A2023F600211549 /* ViewController.m */,
				50E665F21A2023F600211549 /* Main.storyboard */,
				50E6660E1A20243600211549 /* Pokemon.h */,
				50E6660F1A20243600211549 /* Pokemon.m */,
				50E665F51A2023F600211549 /* Images.xcassets */,
				50E665F71A2023F600211549 /* LaunchScreen.xib */,
				50E665EC1A2023F600211549 /* NewMCMs.xcdatamodeld */,
				50E665E51A2023F600211549 /* Supporting Files */,
			);
			path = NewMCMs;
			sourceTree = "<group>";
		};
		50E665E51A2023F600211549 /* Supporting Files */ = {
			isa = PBXGroup;
			children = (
				50E665E61A2023F600211549 /* Info.plist */,
				50E665E71A2023F600211549 /* main.m */,
			);
			name = "Supporting Files";
			sourceTree = "<group>";
		};
		50E666011A2023F600211549 /* NewMCMsTests */ = {
			isa = PBXGroup;
			children = (
				50E666041A2023F600211549 /* NewMCMsTests.m */,
				50E666021A2023F600211549 /* Supporting Files */,
			);
			path = NewMCMsTests;
			sourceTree = "<group>";
		};
		50E666021A2023F600211549 /* Supporting Files */ = {
			isa = PBXGroup;
			children = (
				50E666031A2023F600211549 /* Info.plist */,
			);
			name = "Supporting Files";
			sourceTree = "<group>";
		};
/* End PBXGroup section */

/* Begin PBXNativeTarget section */
		50E665E11A2023F600211549 /* NewMCMs */ = {
			isa = PBXNativeTarget;
			buildConfigurationList = 50E666081A2023F600211549 /* Build configuration list for PBXNativeTarget "NewMCMs" */;
			buildPhases = (
				50E665DE1A2023F600211549 /* Sources */,
				50E665DF1A2023F600211549 /* Frameworks */,
				50E665E01A2023F600211549 /* Resources */,
			);
			buildRules = (
			);
			dependencies = (
			);
			name = NewMCMs;
			productName = NewMCMs;
			productReference = 50E665E21A2023F600211549 /* NewMCMs.app */;
			productType = "com.apple.product-type.application";
		};
		50E665FD1A2023F600211549 /* NewMCMsTests */ = {
			isa = PBXNativeTarget;
			buildConfigurationList = 50E6660B1A2023F600211549 /* Build configuration list for PBXNativeTarget "NewMCMsTests" */;
			buildPhases = (
				50E665FA1A2023F600211549 /* Sources */,
				50E665FB1A2023F600211549 /* Frameworks */,
				50E665FC1A2023F600211549 /* Resources */,
			);
			buildRules = (
			);
			dependencies = (
				50E666001A2023F600211549 /* PBXTargetDependency */,
			);
			name = NewMCMsTests;
			productName = NewMCMsTests;
			productReference = 50E665FE1A2023F600211549 /* NewMCMsTests.xctest */;
			productType = "com.apple.product-type.bundle.unit-test";
		};
/* End PBXNativeTarget section */

/* Begin PBXProject section */
		50E665DA1A2023F600211549 /* Project object */ = {
			isa = PBXProject;
			attributes = {
				LastUpgradeCheck = 0610;
				ORGANIZATIONNAME = "Albert Saucedo";
				TargetAttributes = {
					50E665E11A2023F600211549 = {
						CreatedOnToolsVersion = 6.1;
						DevelopmentTeam = 36MM5W3VDB;
					};
					50E665FD1A2023F600211549 = {
						CreatedOnToolsVersion = 6.1;
						TestTargetID = 50E665E11A2023F600211549;
					};
				};
			};
			buildConfigurationList = 50E665DD1A2023F600211549 /* Build configuration list for PBXProject "NewMCMs" */;
			compatibilityVersion = "Xcode 3.2";
			developmentRegion = English;
			hasScannedForEncodings = 0;
			knownRegions = (
				en,
				Base,
			);
			mainGroup = 50E665D91A2023F600211549;
			productRefGroup = 50E665E31A2023F600211549 /* Products */;
			projectDirPath = "";
			projectRoot = "";
			targets = (
				50E665E11A2023F600211549 /* NewMCMs */,
				50E665FD1A2023F600211549 /* NewMCMsTests */,
			);
		};
/* End PBXProject section */

/* Begin PBXResourcesBuildPhase section */
		50E665E01A2023F600211549 /* Resources */ = {
			isa = PBXResourcesBuildPhase;
			buildActionMask = 2147483647;
			files = (
				50E665F41A2023F600211549 /* Main.storyboard in Resources */,
				50E665F91A2023F600211549 /* LaunchScreen.xib in Resources */,
				50E665F61A2023F600211549 /* Images.xcassets in Resources */,
			);
			runOnlyForDeploymentPostprocessing = 0;
		};
		50E665FC1A2023F600211549 /* Resources */ = {
			isa = PBXResourcesBuildPhase;
			buildActionMask = 2147483647;
			files = (
			);
			runOnlyForDeploymentPostprocessing = 0;
		};
/* End PBXResourcesBuildPhase section */

/* Begin PBXSourcesBuildPhase section */
		50E665DE1A2023F600211549 /* Sources */ = {
			isa = PBXSourcesBuildPhase;
			buildActionMask = 2147483647;
			files = (
				50E665EE1A2023F600211549 /* NewMCMs.xcdatamodeld in Sources */,
				50E665EB1A2023F600211549 /* AppDelegate.m in Sources */,
				50E666101A20243600211549 /* Pokemon.m in Sources */,
				50E665F11A2023F600211549 /* ViewController.m in Sources */,
				50E665E81A2023F600211549 /* main.m in Sources */,
			);
			runOnlyForDeploymentPostprocessing = 0;
		};
		50E665FA1A2023F600211549 /* Sources */ = {
			isa = PBXSourcesBuildPhase;
			buildActionMask = 2147483647;
			files = (
				50E666051A2023F600211549 /* NewMCMsTests.m in Sources */,
			);
			runOnlyForDeploymentPostprocessing = 0;
		};
/* End PBXSourcesBuildPhase section */

/* Begin PBXTargetDependency section */
		50E666001A2023F600211549 /* PBXTargetDependency */ = {
			isa = PBXTargetDependency;
			target = 50E665E11A2023F600211549 /* NewMCMs */;
			targetProxy = 50E665FF1A2023F600211549 /* PBXContainerItemProxy */;
		};
/* End PBXTargetDependency section */

/* Begin PBXVariantGroup section */
		50E665F21A2023F600211549 /* Main.storyboard */ = {
			isa = PBXVariantGroup;
			children = (
				50E665F31A2023F600211549 /* Base */,
			);
			name = Main.storyboard;
			sourceTree = "<group>";
		};
		50E665F71A2023F600211549 /* LaunchScreen.xib */ = {
			isa = PBXVariantGroup;
			children = (
				50E665F81A2023F600211549 /* Base */,
			);
			name = LaunchScreen.xib;
			sourceTree = "<group>";
		};
/* End PBXVariantGroup section */

/* Begin XCBuildConfiguration section */
		50E666061A2023F600211549 /* Debug */ = {
			isa = XCBuildConfiguration;
			buildSettings = {
				ALWAYS_SEARCH_USER_PATHS = NO;
				CLANG_CXX_LANGUAGE_STANDARD = "gnu++0x";
				CLANG_CXX_LIBRARY = "libc++";
				CLANG_ENABLE_MODULES = YES;
				CLANG_ENABLE_OBJC_ARC = YES;
				CLANG_WARN_BOOL_CONVERSION = YES;
				CLANG_WARN_CONSTANT_CONVERSION = YES;
				CLANG_WARN_DIRECT_OBJC_ISA_USAGE = YES_ERROR;
				CLANG_WARN_EMPTY_BODY = YES;
				CLANG_WARN_ENUM_CONVERSION = YES;
				CLANG_WARN_INT_CONVERSION = YES;
				CLANG_WARN_OBJC_ROOT_CLASS = YES_ERROR;
				CLANG_WARN_UNREACHABLE_CODE = YES;
				CLANG_WARN__DUPLICATE_METHOD_MATCH = YES;
				"CODE_SIGN_IDENTITY[sdk=iphoneos*]" = "iPhone Developer";
				COPY_PHASE_STRIP = NO;
				ENABLE_STRICT_OBJC_MSGSEND = YES;
				GCC_C_LANGUAGE_STANDARD = gnu99;
				GCC_DYNAMIC_NO_PIC = NO;
				GCC_OPTIMIZATION_LEVEL = 0;
				GCC_PREPROCESSOR_DEFINITIONS = (
					"DEBUG=1",
					"$(inherited)",
				);
				GCC_SYMBOLS_PRIVATE_EXTERN = NO;
				GCC_WARN_64_TO_32_BIT_CONVERSION = YES;
				GCC_WARN_ABOUT_RETURN_TYPE = YES_ERROR;
				GCC_WARN_UNDECLARED_SELECTOR = YES;
				GCC_WARN_UNINITIALIZED_AUTOS = YES_AGGRESSIVE;
				GCC_WARN_UNUSED_FUNCTION = YES;
				GCC_WARN_UNUSED_VARIABLE = YES;
				IPHONEOS_DEPLOYMENT_TARGET = 8.1;
				MTL_ENABLE_DEBUG_INFO = YES;
				ONLY_ACTIVE_ARCH = YES;
				SDKROOT = iphoneos;
			};
			name = Debug;
		};
		50E666071A2023F600211549 /* Release */ = {
			isa = XCBuildConfiguration;
			buildSettings = {
				ALWAYS_SEARCH_USER_PATHS = NO;
				CLANG_CXX_LANGUAGE_STANDARD = "gnu++0x";
				CLANG_CXX_LIBRARY = "libc++";
				CLANG_ENABLE_MODULES = YES;
				CLANG_ENABLE_OBJC_ARC = YES;
				CLANG_WARN_BOOL_CONVERSION = YES;
				CLANG_WARN_CONSTANT_CONVERSION = YES;
				CLANG_WARN_DIRECT_OBJC_ISA_USAGE = YES_ERROR;
				CLANG_WARN_EMPTY_BODY = YES;
				CLANG_WARN_ENUM_CONVERSION = YES;
				CLANG_WARN_INT_CONVERSION = YES;
				CLANG_WARN_OBJC_ROOT_CLASS = YES_ERROR;
				CLANG_WARN_UNREACHABLE_CODE = YES;
				CLANG_WARN__DUPLICATE_METHOD_MATCH = YES;
				"CODE_SIGN_IDENTITY[sdk=iphoneos*]" = "iPhone Developer";
				COPY_PHASE_STRIP = YES;
				ENABLE_NS_ASSERTIONS = NO;
				ENABLE_STRICT_OBJC_MSGSEND = YES;
				GCC_C_LANGUAGE_STANDARD = gnu99;
				GCC_WARN_64_TO_32_BIT_CONVERSION = YES;
				GCC_WARN_ABOUT_RETURN_TYPE = YES_ERROR;
				GCC_WARN_UNDECLARED_SELECTOR = YES;
				GCC_WARN_UNINITIALIZED_AUTOS = YES_AGGRESSIVE;
				GCC_WARN_UNUSED_FUNCTION = YES;
				GCC_WARN_UNUSED_VARIABLE = YES;
				IPHONEOS_DEPLOYMENT_TARGET = 8.1;
				MTL_ENABLE_DEBUG_INFO = NO;
				SDKROOT = iphoneos;
				VALIDATE_PRODUCT = YES;
			};
			name = Release;
		};
		50E666091A2023F600211549 /* Debug */ = {
			isa = XCBuildConfiguration;
			buildSettings = {
				ASSETCATALOG_COMPILER_APPICON_NAME = AppIcon;
				CODE_SIGN_IDENTITY = "iPhone Developer";
				INFOPLIST_FILE = NewMCMs/Info.plist;
				LD_RUNPATH_SEARCH_PATHS = "$(inherited) @executable_path/Frameworks";
				PRODUCT_NAME = "$(TARGET_NAME)";
			};
			name = Debug;
		};
		50E6660A1A2023F600211549 /* Release */ = {
			isa = XCBuildConfiguration;
			buildSettings = {
				ASSETCATALOG_COMPILER_APPICON_NAME = AppIcon;
				CODE_SIGN_IDENTITY = "iPhone Developer";
				INFOPLIST_FILE = NewMCMs/Info.plist;
				LD_RUNPATH_SEARCH_PATHS = "$(inherited) @executable_path/Frameworks";
				PRODUCT_NAME = "$(TARGET_NAME)";
			};
			name = Release;
		};
		50E6660C1A2023F600211549 /* Debug */ = {
			isa = XCBuildConfiguration;
			buildSettings = {
				BUNDLE_LOADER = "$(TEST_HOST)";
				FRAMEWORK_SEARCH_PATHS = (
					"$(SDKROOT)/Developer/Library/Frameworks",
					"$(inherited)",
				);
				GCC_PREPROCESSOR_DEFINITIONS = (
					"DEBUG=1",
					"$(inherited)",
				);
				INFOPLIST_FILE = NewMCMsTests/Info.plist;
				LD_RUNPATH_SEARCH_PATHS = "$(inherited) @executable_path/Frameworks @loader_path/Frameworks";
				PRODUCT_NAME = "$(TARGET_NAME)";
				TEST_HOST = "$(BUILT_PRODUCTS_DIR)/NewMCMs.app/NewMCMs";
			};
			name = Debug;
		};
		50E6660D1A2023F600211549 /* Release */ = {
			isa = XCBuildConfiguration;
			buildSettings = {
				BUNDLE_LOADER = "$(TEST_HOST)";
				FRAMEWORK_SEARCH_PATHS = (
					"$(SDKROOT)/Developer/Library/Frameworks",
					"$(inherited)",
				);
				INFOPLIST_FILE = NewMCMsTests/Info.plist;
				LD_RUNPATH_SEARCH_PATHS = "$(inherited) @executable_path/Frameworks @loader_path/Frameworks";
				PRODUCT_NAME = "$(TARGET_NAME)";
				TEST_HOST = "$(BUILT_PRODUCTS_DIR)/NewMCMs.app/NewMCMs";
			};
			name = Release;
		};
/* End XCBuildConfiguration section */

/* Begin XCConfigurationList section */
		50E665DD1A2023F600211549 /* Build configuration list for PBXProject "NewMCMs" */ = {
			isa = XCConfigurationList;
			buildConfigurations = (
				50E666061A2023F600211549 /* Debug */,
				50E666071A2023F600211549 /* Release */,
			);
			defaultConfigurationIsVisible = 0;
			defaultConfigurationName = Release;
		};
		50E666081A2023F600211549 /* Build configuration list for PBXNativeTarget "NewMCMs" */ = {
			isa = XCConfigurationList;
			buildConfigurations = (
				50E666091A2023F600211549 /* Debug */,
				50E6660A1A2023F600211549 /* Release */,
			);
			defaultConfigurationIsVisible = 0;
			defaultConfigurationName = Release;
		};
		50E6660B1A2023F600211549 /* Build configuration list for PBXNativeTarget "NewMCMsTests" */ = {
			isa = XCConfigurationList;
			buildConfigurations = (
				50E6660C1A2023F600211549 /* Debug */,
				50E6660D1A2023F600211549 /* Release */,
			);
			defaultConfigurationIsVisible = 0;
			defaultConfigurationName = Release;
		};
/* End XCConfigurationList section */

/* Begin XCVersionGroup section */
		50E665EC1A2023F600211549 /* NewMCMs.xcdatamodeld */ = {
			isa = XCVersionGroup;
			children = (
				50E665ED1A2023F600211549 /* NewMCMs.xcdatamodel */,
			);
			currentVersion = 50E665ED1A2023F600211549 /* NewMCMs.xcdatamodel */;
			path = NewMCMs.xcdatamodeld;
			sourceTree = "<group>";
			versionGroupType = wrapper.xcdatamodel;
		};
/* End XCVersionGroup section */
	};
	rootObject = 50E665DA1A2023F600211549 /* Project object */;
}
